
Microsoft Visual Studio Solution File, Format Version 12.00
# Visual Studio 15
VisualStudioVersion = 15.0.27703.2026
MinimumVisualStudioVersion = 10.0.40219.1
Project("{FAE04EC0-301F-11D3-BF4B-00C04F79EFBC}") = "Winform Demo", "Winform Demo\Winform Demo.csproj", "{67AC6DB4-A190-4801-80BD-47FC699D6FF4}"
EndProject
Global
	GlobalSection(SolutionConfigurationPlatforms) = preSolution
		Debug|Any CPU = Debug|Any CPU
		Release|Any CPU = Release|Any CPU
	EndGlobalSection
	GlobalSection(ProjectConfigurationPlatforms) = postSolution
		{67AC6DB4-A190-4801-80BD-47FC699D6FF4}.Debug|Any CPU.ActiveCfg = Debug|Any CPU
		{67AC6DB4-A190-4801-80BD-47FC699D6FF4}.Debug|Any CPU.Build.0 = Debug|Any CPU
		{67AC6DB4-A190-4801-80BD-47FC699D6FF4}.Release|Any CPU.ActiveCfg = Release|Any CPU
		{67AC6DB4-A190-4801-80BD-47FC699D6FF4}.Release|Any CPU.Build.0 = Release|Any CPU
	EndGlobalSection
	GlobalSection(SolutionProperties) = preSolution
		HideSolutionNode = FALSE
	EndGlobalSection
	GlobalSection(ExtensibilityGlobals) = postSolution
		SolutionGuid = {CD2BF35D-5F5D-4F71-B4C6-F4CB2F16A20E}
	EndGlobalSection
EndGlobal
